
Microsoft Visual Studio Solution File, Format Version 12.00
# Visual Studio Version 17
VisualStudioVersion = 17.4.33103.184
MinimumVisualStudioVersion = 10.0.40219.1
Project("{FAE04EC0-301F-11D3-BF4B-00C04F79EFBC}") = "MvcCVReal", "MvcCVReal.csproj", "{A6F9CC56-8102-440D-B75E-BA74A41AFFE5}"
EndProject
Global
	GlobalSection(SolutionConfigurationPlatforms) = preSolution
		Debug|Any CPU = Debug|Any CPU
		Release|Any CPU = Release|Any CPU
	EndGlobalSection
	GlobalSection(ProjectConfigurationPlatforms) = postSolution
		{A6F9CC56-8102-440D-B75E-BA74A41AFFE5}.Debug|Any CPU.ActiveCfg = Debug|Any CPU
		{A6F9CC56-8102-440D-B75E-BA74A41AFFE5}.Debug|Any CPU.Build.0 = Debug|Any CPU
		{A6F9CC56-8102-440D-B75E-BA74A41AFFE5}.Release|Any CPU.ActiveCfg = Release|Any CPU
		{A6F9CC56-8102-440D-B75E-BA74A41AFFE5}.Release|Any CPU.Build.0 = Release|Any CPU
	EndGlobalSection
	GlobalSection(SolutionProperties) = preSolution
		HideSolutionNode = FALSE
	EndGlobalSection
	GlobalSection(ExtensibilityGlobals) = postSolution
		SolutionGuid = {29627A57-5E31-4E80-8E35-0BB46F5707EC}
	EndGlobalSection
EndGlobal
